// !$*UTF8*$!
{
	archiveVersion = 1;
	classes = {
	};
	objectVersion = 55;
	objects = {

/* Begin PBXBuildFile section */
		252E23D527A9BF1D000EB15C /* ExploreViewController.swift in Sources */ = {isa = PBXBuildFile; fileRef = 252E23D427A9BF1D000EB15C /* ExploreViewController.swift */; };
		25886E4527B4410C00C8B770 /* ExploreCell.swift in Sources */ = {isa = PBXBuildFile; fileRef = 25886E4427B4410C00C8B770 /* ExploreCell.swift */; };
		25886E4A27B44BC800C8B770 /* LocationViewController.swift in Sources */ = {isa = PBXBuildFile; fileRef = 25886E4927B44BC800C8B770 /* LocationViewController.swift */; };
		25AE1BE927AC582F009BBAF1 /* RestaurantListViewController.swift in Sources */ = {isa = PBXBuildFile; fileRef = 25AE1BE827AC582F009BBAF1 /* RestaurantListViewController.swift */; };
		25B8C95427A86EA800301DA2 /* AppDelegate.swift in Sources */ = {isa = PBXBuildFile; fileRef = 25B8C95327A86EA800301DA2 /* AppDelegate.swift */; };
		25B8C95627A86EA800301DA2 /* SceneDelegate.swift in Sources */ = {isa = PBXBuildFile; fileRef = 25B8C95527A86EA800301DA2 /* SceneDelegate.swift */; };
		25B8C95B27A86EA800301DA2 /* Main.storyboard in Resources */ = {isa = PBXBuildFile; fileRef = 25B8C95927A86EA800301DA2 /* Main.storyboard */; };
		25B8C95D27A86EAB00301DA2 /* Assets.xcassets in Resources */ = {isa = PBXBuildFile; fileRef = 25B8C95C27A86EAB00301DA2 /* Assets.xcassets */; };
		25B8C96027A86EAB00301DA2 /* LaunchScreen.storyboard in Resources */ = {isa = PBXBuildFile; fileRef = 25B8C95E27A86EAB00301DA2 /* LaunchScreen.storyboard */; };
		25F83CE627B2F6F10041A39A /* ExploreData.plist in Resources */ = {isa = PBXBuildFile; fileRef = 25F83CE527B2F6F10041A39A /* ExploreData.plist */; };
		25F83CE827B2F7160041A39A /* ExploreItem.swift in Sources */ = {isa = PBXBuildFile; fileRef = 25F83CE727B2F7160041A39A /* ExploreItem.swift */; };
		25F83CEA27B2F9EF0041A39A /* ExploreDataManager.swift in Sources */ = {isa = PBXBuildFile; fileRef = 25F83CE927B2F9EF0041A39A /* ExploreDataManager.swift */; };
/* End PBXBuildFile section */

/* Begin PBXFileReference section */
		252E23D427A9BF1D000EB15C /* ExploreViewController.swift */ = {isa = PBXFileReference; lastKnownFileType = sourcecode.swift; path = ExploreViewController.swift; sourceTree = "<group>"; };
		25886E4427B4410C00C8B770 /* ExploreCell.swift */ = {isa = PBXFileReference; lastKnownFileType = sourcecode.swift; path = ExploreCell.swift; sourceTree = "<group>"; };
		25886E4927B44BC800C8B770 /* LocationViewController.swift */ = {isa = PBXFileReference; lastKnownFileType = sourcecode.swift; path = LocationViewController.swift; sourceTree = "<group>"; };
		25AE1BE827AC582F009BBAF1 /* RestaurantListViewController.swift */ = {isa = PBXFileReference; lastKnownFileType = sourcecode.swift; path = RestaurantListViewController.swift; sourceTree = "<group>"; };
		25B8C95027A86EA800301DA2 /* LetsEat.app */ = {isa = PBXFileReference; explicitFileType = wrapper.application; includeInIndex = 0; path = LetsEat.app; sourceTree = BUILT_PRODUCTS_DIR; };
		25B8C95327A86EA800301DA2 /* AppDelegate.swift */ = {isa = PBXFileReference; lastKnownFileType = sourcecode.swift; path = AppDelegate.swift; sourceTree = "<group>"; };
		25B8C95527A86EA800301DA2 /* SceneDelegate.swift */ = {isa = PBXFileReference; lastKnownFileType = sourcecode.swift; path = SceneDelegate.swift; sourceTree = "<group>"; };
		25B8C95A27A86EA800301DA2 /* Base */ = {isa = PBXFileReference; lastKnownFileType = file.storyboard; name = Base; path = Base.lproj/Main.storyboard; sourceTree = "<group>"; };
		25B8C95C27A86EAB00301DA2 /* Assets.xcassets */ = {isa = PBXFileReference; lastKnownFileType = folder.assetcatalog; path = Assets.xcassets; sourceTree = "<group>"; };
		25B8C95F27A86EAB00301DA2 /* Base */ = {isa = PBXFileReference; lastKnownFileType = file.storyboard; name = Base; path = Base.lproj/LaunchScreen.storyboard; sourceTree = "<group>"; };
		25B8C96127A86EAB00301DA2 /* Info.plist */ = {isa = PBXFileReference; lastKnownFileType = text.plist.xml; path = Info.plist; sourceTree = "<group>"; };
		25F83CE527B2F6F10041A39A /* ExploreData.plist */ = {isa = PBXFileReference; fileEncoding = 4; lastKnownFileType = text.plist.xml; path = ExploreData.plist; sourceTree = "<group>"; };
		25F83CE727B2F7160041A39A /* ExploreItem.swift */ = {isa = PBXFileReference; lastKnownFileType = sourcecode.swift; path = ExploreItem.swift; sourceTree = "<group>"; };
		25F83CE927B2F9EF0041A39A /* ExploreDataManager.swift */ = {isa = PBXFileReference; lastKnownFileType = sourcecode.swift; path = ExploreDataManager.swift; sourceTree = "<group>"; };
/* End PBXFileReference section */

/* Begin PBXFrameworksBuildPhase section */
		25B8C94D27A86EA800301DA2 /* Frameworks */ = {
			isa = PBXFrameworksBuildPhase;
			buildActionMask = 2147483647;
			files = (
			);
			runOnlyForDeploymentPostprocessing = 0;
		};
/* End PBXFrameworksBuildPhase section */

/* Begin PBXGroup section */
		252E23D327A9BEF6000EB15C /* Explore */ = {
			isa = PBXGroup;
			children = (
				25886E4327B440EB00C8B770 /* View */,
				25F83CE427B2F6C00041A39A /* Model */,
				252E23D427A9BF1D000EB15C /* ExploreViewController.swift */,
			);
			path = Explore;
			sourceTree = "<group>";
		};
		25886E4327B440EB00C8B770 /* View */ = {
			isa = PBXGroup;
			children = (
				25886E4427B4410C00C8B770 /* ExploreCell.swift */,
			);
			path = View;
			sourceTree = "<group>";
		};
		25886E4627B44B9C00C8B770 /* Location */ = {
			isa = PBXGroup;
			children = (
				25886E4827B44BA900C8B770 /* Model */,
				25886E4727B44BA300C8B770 /* View */,
				25886E4927B44BC800C8B770 /* LocationViewController.swift */,
			);
			path = Location;
			sourceTree = "<group>";
		};
		25886E4727B44BA300C8B770 /* View */ = {
			isa = PBXGroup;
			children = (
			);
			path = View;
			sourceTree = "<group>";
		};
		25886E4827B44BA900C8B770 /* Model */ = {
			isa = PBXGroup;
			children = (
			);
			path = Model;
			sourceTree = "<group>";
		};
		25AE1BE727AC580E009BBAF1 /* Restaurants */ = {
			isa = PBXGroup;
			children = (
				25AE1BE827AC582F009BBAF1 /* RestaurantListViewController.swift */,
			);
			path = Restaurants;
			sourceTree = "<group>";
		};
		25B8C94727A86EA800301DA2 = {
			isa = PBXGroup;
			children = (
				25B8C95227A86EA800301DA2 /* LetsEat */,
				25B8C95127A86EA800301DA2 /* Products */,
			);
			sourceTree = "<group>";
		};
		25B8C95127A86EA800301DA2 /* Products */ = {
			isa = PBXGroup;
			children = (
				25B8C95027A86EA800301DA2 /* LetsEat.app */,
			);
			name = Products;
			sourceTree = "<group>";
		};
		25B8C95227A86EA800301DA2 /* LetsEat */ = {
			isa = PBXGroup;
			children = (
				25886E4627B44B9C00C8B770 /* Location */,
				25AE1BE727AC580E009BBAF1 /* Restaurants */,
				252E23D327A9BEF6000EB15C /* Explore */,
				25B8C95327A86EA800301DA2 /* AppDelegate.swift */,
				25B8C95527A86EA800301DA2 /* SceneDelegate.swift */,
				25B8C95927A86EA800301DA2 /* Main.storyboard */,
				25B8C95C27A86EAB00301DA2 /* Assets.xcassets */,
				25B8C95E27A86EAB00301DA2 /* LaunchScreen.storyboard */,
				25B8C96127A86EAB00301DA2 /* Info.plist */,
			);
			path = LetsEat;
			sourceTree = "<group>";
		};
		25F83CE427B2F6C00041A39A /* Model */ = {
			isa = PBXGroup;
			children = (
				25F83CE527B2F6F10041A39A /* ExploreData.plist */,
				25F83CE727B2F7160041A39A /* ExploreItem.swift */,
				25F83CE927B2F9EF0041A39A /* ExploreDataManager.swift */,
			);
			path = Model;
			sourceTree = "<group>";
		};
/* End PBXGroup section */

/* Begin PBXNativeTarget section */
		25B8C94F27A86EA800301DA2 /* LetsEat */ = {
			isa = PBXNativeTarget;
			buildConfigurationList = 25B8C96427A86EAB00301DA2 /* Build configuration list for PBXNativeTarget "LetsEat" */;
			buildPhases = (
				25B8C94C27A86EA800301DA2 /* Sources */,
				25B8C94D27A86EA800301DA2 /* Frameworks */,
				25B8C94E27A86EA800301DA2 /* Resources */,
			);
			buildRules = (
			);
			dependencies = (
			);
			name = LetsEat;
			productName = LetsEat;
			productReference = 25B8C95027A86EA800301DA2 /* LetsEat.app */;
			productType = "com.apple.product-type.application";
		};
/* End PBXNativeTarget section */

/* Begin PBXProject section */
		25B8C94827A86EA800301DA2 /* Project object */ = {
			isa = PBXProject;
			attributes = {
				BuildIndependentTargetsInParallel = 1;
				LastSwiftUpdateCheck = 1320;
				LastUpgradeCheck = 1320;
				TargetAttributes = {
					25B8C94F27A86EA800301DA2 = {
						CreatedOnToolsVersion = 13.2.1;
					};
				};
			};
			buildConfigurationList = 25B8C94B27A86EA800301DA2 /* Build configuration list for PBXProject "LetsEat" */;
			compatibilityVersion = "Xcode 13.0";
			developmentRegion = en;
			hasScannedForEncodings = 0;
			knownRegions = (
				en,
				Base,
			);
			mainGroup = 25B8C94727A86EA800301DA2;
			productRefGroup = 25B8C95127A86EA800301DA2 /* Products */;
			projectDirPath = "";
			projectRoot = "";
			targets = (
				25B8C94F27A86EA800301DA2 /* LetsEat */,
			);
		};
/* End PBXProject section */

/* Begin PBXResourcesBuildPhase section */
		25B8C94E27A86EA800301DA2 /* Resources */ = {
			isa = PBXResourcesBuildPhase;
			buildActionMask = 2147483647;
			files = (
				25F83CE627B2F6F10041A39A /* ExploreData.plist in Resources */,
				25B8C96027A86EAB00301DA2 /* LaunchScreen.storyboard in Resources */,
				25B8C95D27A86EAB00301DA2 /* Assets.xcassets in Resources */,
				25B8C95B27A86EA800301DA2 /* Main.storyboard in Resources */,
			);
			runOnlyForDeploymentPostprocessing = 0;
		};
/* End PBXResourcesBuildPhase section */

/* Begin PBXSourcesBuildPhase section */
		25B8C94C27A86EA800301DA2 /* Sources */ = {
			isa = PBXSourcesBuildPhase;
			buildActionMask = 2147483647;
			files = (
				25F83CE827B2F7160041A39A /* ExploreItem.swift in Sources */,
				25886E4527B4410C00C8B770 /* ExploreCell.swift in Sources */,
				25B8C95427A86EA800301DA2 /* AppDelegate.swift in Sources */,
				25AE1BE927AC582F009BBAF1 /* RestaurantListViewController.swift in Sources */,
				25B8C95627A86EA800301DA2 /* SceneDelegate.swift in Sources */,
				252E23D527A9BF1D000EB15C /* ExploreViewController.swift in Sources */,
				25F83CEA27B2F9EF0041A39A /* ExploreDataManager.swift in Sources */,
				25886E4A27B44BC800C8B770 /* LocationViewController.swift in Sources */,
			);
			runOnlyForDeploymentPostprocessing = 0;
		};
/* End PBXSourcesBuildPhase section */

/* Begin PBXVariantGroup section */
		25B8C95927A86EA800301DA2 /* Main.storyboard */ = {
			isa = PBXVariantGroup;
			children = (
				25B8C95A27A86EA800301DA2 /* Base */,
			);
			name = Main.storyboard;
			sourceTree = "<group>";
		};
		25B8C95E27A86EAB00301DA2 /* LaunchScreen.storyboard */ = {
			isa = PBXVariantGroup;
			children = (
				25B8C95F27A86EAB00301DA2 /* Base */,
			);
			name = LaunchScreen.storyboard;
			sourceTree = "<group>";
		};
/* End PBXVariantGroup section */

/* Begin XCBuildConfiguration section */
		25B8C96227A86EAB00301DA2 /* Debug */ = {
			isa = XCBuildConfiguration;
			buildSettings = {
				ALWAYS_SEARCH_USER_PATHS = NO;
				CLANG_ANALYZER_NONNULL = YES;
				CLANG_ANALYZER_NUMBER_OBJECT_CONVERSION = YES_AGGRESSIVE;
				CLANG_CXX_LANGUAGE_STANDARD = "gnu++17";
				CLANG_CXX_LIBRARY = "libc++";
				CLANG_ENABLE_MODULES = YES;
				CLANG_ENABLE_OBJC_ARC = YES;
				CLANG_ENABLE_OBJC_WEAK = YES;
				CLANG_WARN_BLOCK_CAPTURE_AUTORELEASING = YES;
				CLANG_WARN_BOOL_CONVERSION = YES;
				CLANG_WARN_COMMA = YES;
				CLANG_WARN_CONSTANT_CONVERSION = YES;
				CLANG_WARN_DEPRECATED_OBJC_IMPLEMENTATIONS = YES;
				CLANG_WARN_DIRECT_OBJC_ISA_USAGE = YES_ERROR;
				CLANG_WARN_DOCUMENTATION_COMMENTS = YES;
				CLANG_WARN_EMPTY_BODY = YES;
				CLANG_WARN_ENUM_CONVERSION = YES;
				CLANG_WARN_INFINITE_RECURSION = YES;
				CLANG_WARN_INT_CONVERSION = YES;
				CLANG_WARN_NON_LITERAL_NULL_CONVERSION = YES;
				CLANG_WARN_OBJC_IMPLICIT_RETAIN_SELF = YES;
				CLANG_WARN_OBJC_LITERAL_CONVERSION = YES;
				CLANG_WARN_OBJC_ROOT_CLASS = YES_ERROR;
				CLANG_WARN_QUOTED_INCLUDE_IN_FRAMEWORK_HEADER = YES;
				CLANG_WARN_RANGE_LOOP_ANALYSIS = YES;
				CLANG_WARN_STRICT_PROTOTYPES = YES;
				CLANG_WARN_SUSPICIOUS_MOVE = YES;
				CLANG_WARN_UNGUARDED_AVAILABILITY = YES_AGGRESSIVE;
				CLANG_WARN_UNREACHABLE_CODE = YES;
				CLANG_WARN__DUPLICATE_METHOD_MATCH = YES;
				COPY_PHASE_STRIP = NO;
				DEBUG_INFORMATION_FORMAT = dwarf;
				ENABLE_STRICT_OBJC_MSGSEND = YES;
				ENABLE_TESTABILITY = YES;
				GCC_C_LANGUAGE_STANDARD = gnu11;
				GCC_DYNAMIC_NO_PIC = NO;
				GCC_NO_COMMON_BLOCKS = YES;
				GCC_OPTIMIZATION_LEVEL = 0;
				GCC_PREPROCESSOR_DEFINITIONS = (
					"DEBUG=1",
					"$(inherited)",
				);
				GCC_WARN_64_TO_32_BIT_CONVERSION = YES;
				GCC_WARN_ABOUT_RETURN_TYPE = YES_ERROR;
				GCC_WARN_UNDECLARED_SELECTOR = YES;
				GCC_WARN_UNINITIALIZED_AUTOS = YES_AGGRESSIVE;
				GCC_WARN_UNUSED_FUNCTION = YES;
				GCC_WARN_UNUSED_VARIABLE = YES;
				IPHONEOS_DEPLOYMENT_TARGET = 15.2;
				MTL_ENABLE_DEBUG_INFO = INCLUDE_SOURCE;
				MTL_FAST_MATH = YES;
				ONLY_ACTIVE_ARCH = YES;
				SDKROOT = iphoneos;
				SWIFT_ACTIVE_COMPILATION_CONDITIONS = DEBUG;
				SWIFT_OPTIMIZATION_LEVEL = "-Onone";
			};
			name = Debug;
		};
		25B8C96327A86EAB00301DA2 /* Release */ = {
			isa = XCBuildConfiguration;
			buildSettings = {
				ALWAYS_SEARCH_USER_PATHS = NO;
				CLANG_ANALYZER_NONNULL = YES;
				CLANG_ANALYZER_NUMBER_OBJECT_CONVERSION = YES_AGGRESSIVE;
				CLANG_CXX_LANGUAGE_STANDARD = "gnu++17";
				CLANG_CXX_LIBRARY = "libc++";
				CLANG_ENABLE_MODULES = YES;
				CLANG_ENABLE_OBJC_ARC = YES;
				CLANG_ENABLE_OBJC_WEAK = YES;
				CLANG_WARN_BLOCK_CAPTURE_AUTORELEASING = YES;
				CLANG_WARN_BOOL_CONVERSION = YES;
				CLANG_WARN_COMMA = YES;
				CLANG_WARN_CONSTANT_CONVERSION = YES;
				CLANG_WARN_DEPRECATED_OBJC_IMPLEMENTATIONS = YES;
				CLANG_WARN_DIRECT_OBJC_ISA_USAGE = YES_ERROR;
				CLANG_WARN_DOCUMENTATION_COMMENTS = YES;
				CLANG_WARN_EMPTY_BODY = YES;
				CLANG_WARN_ENUM_CONVERSION = YES;
				CLANG_WARN_INFINITE_RECURSION = YES;
				CLANG_WARN_INT_CONVERSION = YES;
				CLANG_WARN_NON_LITERAL_NULL_CONVERSION = YES;
				CLANG_WARN_OBJC_IMPLICIT_RETAIN_SELF = YES;
				CLANG_WARN_OBJC_LITERAL_CONVERSION = YES;
				CLANG_WARN_OBJC_ROOT_CLASS = YES_ERROR;
				CLANG_WARN_QUOTED_INCLUDE_IN_FRAMEWORK_HEADER = YES;
				CLANG_WARN_RANGE_LOOP_ANALYSIS = YES;
				CLANG_WARN_STRICT_PROTOTYPES = YES;
				CLANG_WARN_SUSPICIOUS_MOVE = YES;
				CLANG_WARN_UNGUARDED_AVAILABILITY = YES_AGGRESSIVE;
				CLANG_WARN_UNREACHABLE_CODE = YES;
				CLANG_WARN__DUPLICATE_METHOD_MATCH = YES;
				COPY_PHASE_STRIP = NO;
				DEBUG_INFORMATION_FORMAT = "dwarf-with-dsym";
				ENABLE_NS_ASSERTIONS = NO;
				ENABLE_STRICT_OBJC_MSGSEND = YES;
				GCC_C_LANGUAGE_STANDARD = gnu11;
				GCC_NO_COMMON_BLOCKS = YES;
				GCC_WARN_64_TO_32_BIT_CONVERSION = YES;
				GCC_WARN_ABOUT_RETURN_TYPE = YES_ERROR;
				GCC_WARN_UNDECLARED_SELECTOR = YES;
				GCC_WARN_UNINITIALIZED_AUTOS = YES_AGGRESSIVE;
				GCC_WARN_UNUSED_FUNCTION = YES;
				GCC_WARN_UNUSED_VARIABLE = YES;
				IPHONEOS_DEPLOYMENT_TARGET = 15.2;
				MTL_ENABLE_DEBUG_INFO = NO;
				MTL_FAST_MATH = YES;
				SDKROOT = iphoneos;
				SWIFT_COMPILATION_MODE = wholemodule;
				SWIFT_OPTIMIZATION_LEVEL = "-O";
				VALIDATE_PRODUCT = YES;
			};
			name = Release;
		};
		25B8C96527A86EAB00301DA2 /* Debug */ = {
			isa = XCBuildConfiguration;
			buildSettings = {
				ASSETCATALOG_COMPILER_APPICON_NAME = AppIcon;
				ASSETCATALOG_COMPILER_GLOBAL_ACCENT_COLOR_NAME = AccentColor;
				CODE_SIGN_STYLE = Automatic;
				CURRENT_PROJECT_VERSION = 1;
				GENERATE_INFOPLIST_FILE = YES;
				INFOPLIST_FILE = LetsEat/Info.plist;
				INFOPLIST_KEY_UIApplicationSupportsIndirectInputEvents = YES;
				INFOPLIST_KEY_UILaunchStoryboardName = LaunchScreen;
				INFOPLIST_KEY_UIMainStoryboardFile = Main;
				INFOPLIST_KEY_UISupportedInterfaceOrientations_iPad = "UIInterfaceOrientationPortrait UIInterfaceOrientationPortraitUpsideDown UIInterfaceOrientationLandscapeLeft UIInterfaceOrientationLandscapeRight";
				INFOPLIST_KEY_UISupportedInterfaceOrientations_iPhone = "UIInterfaceOrientationPortrait UIInterfaceOrientationLandscapeLeft UIInterfaceOrientationLandscapeRight";
				LD_RUNPATH_SEARCH_PATHS = (
					"$(inherited)",
					"@executable_path/Frameworks",
				);
				MARKETING_VERSION = 1.0;
				PRODUCT_BUNDLE_IDENTIFIER = com.northstartechlab.LetsEat;
				PRODUCT_NAME = "$(TARGET_NAME)";
				SWIFT_EMIT_LOC_STRINGS = YES;
				SWIFT_VERSION = 5.0;
				TARGETED_DEVICE_FAMILY = "1,2";
			};
			name = Debug;
		};
		25B8C96627A86EAB00301DA2 /* Release */ = {
			isa = XCBuildConfiguration;
			buildSettings = {
				ASSETCATALOG_COMPILER_APPICON_NAME = AppIcon;
				ASSETCATALOG_COMPILER_GLOBAL_ACCENT_COLOR_NAME = AccentColor;
				CODE_SIGN_STYLE = Automatic;
				CURRENT_PROJECT_VERSION = 1;
				GENERATE_INFOPLIST_FILE = YES;
				INFOPLIST_FILE = LetsEat/Info.plist;
				INFOPLIST_KEY_UIApplicationSupportsIndirectInputEvents = YES;
				INFOPLIST_KEY_UILaunchStoryboardName = LaunchScreen;
				INFOPLIST_KEY_UIMainStoryboardFile = Main;
				INFOPLIST_KEY_UISupportedInterfaceOrientations_iPad = "UIInterfaceOrientationPortrait UIInterfaceOrientationPortraitUpsideDown UIInterfaceOrientationLandscapeLeft UIInterfaceOrientationLandscapeRight";
				INFOPLIST_KEY_UISupportedInterfaceOrientations_iPhone = "UIInterfaceOrientationPortrait UIInterfaceOrientationLandscapeLeft UIInterfaceOrientationLandscapeRight";
				LD_RUNPATH_SEARCH_PATHS = (
					"$(inherited)",
					"@executable_path/Frameworks",
				);
				MARKETING_VERSION = 1.0;
				PRODUCT_BUNDLE_IDENTIFIER = com.northstartechlab.LetsEat;
				PRODUCT_NAME = "$(TARGET_NAME)";
				SWIFT_EMIT_LOC_STRINGS = YES;
				SWIFT_VERSION = 5.0;
				TARGETED_DEVICE_FAMILY = "1,2";
			};
			name = Release;
		};
/* End XCBuildConfiguration section */

/* Begin XCConfigurationList section */
		25B8C94B27A86EA800301DA2 /* Build configuration list for PBXProject "LetsEat" */ = {
			isa = XCConfigurationList;
			buildConfigurations = (
				25B8C96227A86EAB00301DA2 /* Debug */,
				25B8C96327A86EAB00301DA2 /* Release */,
			);
			defaultConfigurationIsVisible = 0;
			defaultConfigurationName = Release;
		};
		25B8C96427A86EAB00301DA2 /* Build configuration list for PBXNativeTarget "LetsEat" */ = {
			isa = XCConfigurationList;
			buildConfigurations = (
				25B8C96527A86EAB00301DA2 /* Debug */,
				25B8C96627A86EAB00301DA2 /* Release */,
			);
			defaultConfigurationIsVisible = 0;
			defaultConfigurationName = Release;
		};
/* End XCConfigurationList section */
	};
	rootObject = 25B8C94827A86EA800301DA2 /* Project object */;
}
